
Microsoft Visual Studio Solution File, Format Version 12.00
# Visual Studio Version 17
VisualStudioVersion = 17.5.33627.172
MinimumVisualStudioVersion = 10.0.40219.1
Project("{FAE04EC0-301F-11D3-BF4B-00C04F79EFBC}") = "RMFinalExam", "RMFinalExam\RMFinalExam.csproj", "{375EB03E-10B9-4AE2-922B-AFED4DF4D323}"
EndProject
Global
	GlobalSection(SolutionConfigurationPlatforms) = preSolution
		Debug|Any CPU = Debug|Any CPU
		Release|Any CPU = Release|Any CPU
	EndGlobalSection
	GlobalSection(ProjectConfigurationPlatforms) = postSolution
		{375EB03E-10B9-4AE2-922B-AFED4DF4D323}.Debug|Any CPU.ActiveCfg = Debug|Any CPU
		{375EB03E-10B9-4AE2-922B-AFED4DF4D323}.Debug|Any CPU.Build.0 = Debug|Any CPU
		{375EB03E-10B9-4AE2-922B-AFED4DF4D323}.Release|Any CPU.ActiveCfg = Release|Any CPU
		{375EB03E-10B9-4AE2-922B-AFED4DF4D323}.Release|Any CPU.Build.0 = Release|Any CPU
	EndGlobalSection
	GlobalSection(SolutionProperties) = preSolution
		HideSolutionNode = FALSE
	EndGlobalSection
	GlobalSection(ExtensibilityGlobals) = postSolution
		SolutionGuid = {61B5AA1E-E3F8-49E5-8235-3A87241D389B}
	EndGlobalSection
EndGlobal
