
Microsoft Visual Studio Solution File, Format Version 12.00
# Visual Studio Version 17
VisualStudioVersion = 17.5.33627.172
MinimumVisualStudioVersion = 10.0.40219.1
Project("{FAE04EC0-301F-11D3-BF4B-00C04F79EFBC}") = "Parts", "Part\Parts.csproj", "{393D31F3-2427-489E-8951-765250621BF0}"
EndProject
Global
	GlobalSection(SolutionConfigurationPlatforms) = preSolution
		Debug|Any CPU = Debug|Any CPU
		Release|Any CPU = Release|Any CPU
	EndGlobalSection
	GlobalSection(ProjectConfigurationPlatforms) = postSolution
		{393D31F3-2427-489E-8951-765250621BF0}.Debug|Any CPU.ActiveCfg = Debug|Any CPU
		{393D31F3-2427-489E-8951-765250621BF0}.Debug|Any CPU.Build.0 = Debug|Any CPU
		{393D31F3-2427-489E-8951-765250621BF0}.Release|Any CPU.ActiveCfg = Release|Any CPU
		{393D31F3-2427-489E-8951-765250621BF0}.Release|Any CPU.Build.0 = Release|Any CPU
	EndGlobalSection
	GlobalSection(SolutionProperties) = preSolution
		HideSolutionNode = FALSE
	EndGlobalSection
	GlobalSection(ExtensibilityGlobals) = postSolution
		SolutionGuid = {D017D36A-AC35-435C-88C9-DE49810E29C3}
	EndGlobalSection
EndGlobal
